
Microsoft Visual Studio Solution File, Format Version 12.00
# Visual Studio Version 17
VisualStudioVersion = 17.10.34707.107
MinimumVisualStudioVersion = 10.0.40219.1
Project("{2150E333-8FDC-42A3-9474-1A3956D46DE8}") = "src", "src", "{563C7D5A-8B39-4829-AA5F-50EA196D915F}"
EndProject
Project("{2150E333-8FDC-42A3-9474-1A3956D46DE8}") = "tests", "tests", "{11DF770E-EAAF-45F9-BECA-C06BC4F1C5BC}"
EndProject
Project("{9A19103F-16F7-4668-BE54-9A1E7A4F7556}") = "QuantumEdge.Domain", "QuantumEdge.Domain\QuantumEdge.Domain.csproj", "{9F0A8992-F7DE-4541-B710-1F3DF15CD164}"
EndProject
Project("{9A19103F-16F7-4668-BE54-9A1E7A4F7556}") = "QuantumEdge.Application", "QuantumEdge.Applicatiuon\QuantumEdge.Application.csproj", "{39F92333-B2CB-4541-B0A1-6479BCB8A3C6}"
EndProject
Project("{9A19103F-16F7-4668-BE54-9A1E7A4F7556}") = "QuantumEdge.Infrastructure", "QuantumEdge.Infrastructure\QuantumEdge.Infrastructure.csproj", "{41EA96A2-8749-47B0-9FA9-D72095F98D6C}"
EndProject
Project("{9A19103F-16F7-4668-BE54-9A1E7A4F7556}") = "QuantumEdge.com", "QuantumEdge.com\QuantumEdge.com.csproj", "{C25CD7F7-794E-4560-B376-F2B0BF22B170}"
EndProject
Global
	GlobalSection(SolutionConfigurationPlatforms) = preSolution
		Debug|Any CPU = Debug|Any CPU
		Release|Any CPU = Release|Any CPU
	EndGlobalSection
	GlobalSection(ProjectConfigurationPlatforms) = postSolution
		{9F0A8992-F7DE-4541-B710-1F3DF15CD164}.Debug|Any CPU.ActiveCfg = Debug|Any CPU
		{9F0A8992-F7DE-4541-B710-1F3DF15CD164}.Debug|Any CPU.Build.0 = Debug|Any CPU
		{9F0A8992-F7DE-4541-B710-1F3DF15CD164}.Release|Any CPU.ActiveCfg = Release|Any CPU
		{9F0A8992-F7DE-4541-B710-1F3DF15CD164}.Release|Any CPU.Build.0 = Release|Any CPU
		{39F92333-B2CB-4541-B0A1-6479BCB8A3C6}.Debug|Any CPU.ActiveCfg = Debug|Any CPU
		{39F92333-B2CB-4541-B0A1-6479BCB8A3C6}.Debug|Any CPU.Build.0 = Debug|Any CPU
		{39F92333-B2CB-4541-B0A1-6479BCB8A3C6}.Release|Any CPU.ActiveCfg = Release|Any CPU
		{39F92333-B2CB-4541-B0A1-6479BCB8A3C6}.Release|Any CPU.Build.0 = Release|Any CPU
		{41EA96A2-8749-47B0-9FA9-D72095F98D6C}.Debug|Any CPU.ActiveCfg = Debug|Any CPU
		{41EA96A2-8749-47B0-9FA9-D72095F98D6C}.Debug|Any CPU.Build.0 = Debug|Any CPU
		{41EA96A2-8749-47B0-9FA9-D72095F98D6C}.Release|Any CPU.ActiveCfg = Release|Any CPU
		{41EA96A2-8749-47B0-9FA9-D72095F98D6C}.Release|Any CPU.Build.0 = Release|Any CPU
		{C25CD7F7-794E-4560-B376-F2B0BF22B170}.Debug|Any CPU.ActiveCfg = Debug|Any CPU
		{C25CD7F7-794E-4560-B376-F2B0BF22B170}.Debug|Any CPU.Build.0 = Debug|Any CPU
		{C25CD7F7-794E-4560-B376-F2B0BF22B170}.Release|Any CPU.ActiveCfg = Release|Any CPU
		{C25CD7F7-794E-4560-B376-F2B0BF22B170}.Release|Any CPU.Build.0 = Release|Any CPU
	EndGlobalSection
	GlobalSection(SolutionProperties) = preSolution
		HideSolutionNode = FALSE
	EndGlobalSection
	GlobalSection(NestedProjects) = preSolution
		{9F0A8992-F7DE-4541-B710-1F3DF15CD164} = {563C7D5A-8B39-4829-AA5F-50EA196D915F}
		{39F92333-B2CB-4541-B0A1-6479BCB8A3C6} = {563C7D5A-8B39-4829-AA5F-50EA196D915F}
		{41EA96A2-8749-47B0-9FA9-D72095F98D6C} = {563C7D5A-8B39-4829-AA5F-50EA196D915F}
		{C25CD7F7-794E-4560-B376-F2B0BF22B170} = {563C7D5A-8B39-4829-AA5F-50EA196D915F}
	EndGlobalSection
	GlobalSection(ExtensibilityGlobals) = postSolution
		SolutionGuid = {A3F7895C-8A84-4BD2-A675-54F2EECA9FFA}
	EndGlobalSection
EndGlobal
